
Microsoft Visual Studio Solution File, Format Version 12.00
# Visual Studio Version 17
VisualStudioVersion = 17.7.34221.43
MinimumVisualStudioVersion = 10.0.40219.1
Project("{FAE04EC0-301F-11D3-BF4B-00C04F79EFBC}") = "DBAlapok", "DBAlapok\DBAlapok.csproj", "{ED8C2B84-10B9-4B8A-B087-9B3A03CF62B2}"
EndProject
Project("{FAE04EC0-301F-11D3-BF4B-00C04F79EFBC}") = "DBAlapokServer", "DBAlapokServer\DBAlapokServer.csproj", "{EE611EF5-F483-456C-9CF4-CA81EF2385C0}"
EndProject
Global
	GlobalSection(SolutionConfigurationPlatforms) = preSolution
		Debug|Any CPU = Debug|Any CPU
		Release|Any CPU = Release|Any CPU
	EndGlobalSection
	GlobalSection(ProjectConfigurationPlatforms) = postSolution
		{ED8C2B84-10B9-4B8A-B087-9B3A03CF62B2}.Debug|Any CPU.ActiveCfg = Debug|Any CPU
		{ED8C2B84-10B9-4B8A-B087-9B3A03CF62B2}.Debug|Any CPU.Build.0 = Debug|Any CPU
		{ED8C2B84-10B9-4B8A-B087-9B3A03CF62B2}.Release|Any CPU.ActiveCfg = Release|Any CPU
		{ED8C2B84-10B9-4B8A-B087-9B3A03CF62B2}.Release|Any CPU.Build.0 = Release|Any CPU
		{EE611EF5-F483-456C-9CF4-CA81EF2385C0}.Debug|Any CPU.ActiveCfg = Debug|Any CPU
		{EE611EF5-F483-456C-9CF4-CA81EF2385C0}.Debug|Any CPU.Build.0 = Debug|Any CPU
		{EE611EF5-F483-456C-9CF4-CA81EF2385C0}.Release|Any CPU.ActiveCfg = Release|Any CPU
		{EE611EF5-F483-456C-9CF4-CA81EF2385C0}.Release|Any CPU.Build.0 = Release|Any CPU
	EndGlobalSection
	GlobalSection(SolutionProperties) = preSolution
		HideSolutionNode = FALSE
	EndGlobalSection
	GlobalSection(ExtensibilityGlobals) = postSolution
		SolutionGuid = {0031F3F1-F804-45C7-8BBB-623A2405B4F7}
	EndGlobalSection
EndGlobal
