
Microsoft Visual Studio Solution File, Format Version 12.00
# Visual Studio Version 17
VisualStudioVersion = 17.7.34221.43
MinimumVisualStudioVersion = 10.0.40219.1
Project("{FAE04EC0-301F-11D3-BF4B-00C04F79EFBC}") = "UdemyInheritanceChallenge2", "UdemyInheritanceChallenge2\UdemyInheritanceChallenge2.csproj", "{F4A03006-8AE9-4A94-8C02-9626DD3732FF}"
EndProject
Global
	GlobalSection(SolutionConfigurationPlatforms) = preSolution
		Debug|Any CPU = Debug|Any CPU
		Release|Any CPU = Release|Any CPU
	EndGlobalSection
	GlobalSection(ProjectConfigurationPlatforms) = postSolution
		{F4A03006-8AE9-4A94-8C02-9626DD3732FF}.Debug|Any CPU.ActiveCfg = Debug|Any CPU
		{F4A03006-8AE9-4A94-8C02-9626DD3732FF}.Debug|Any CPU.Build.0 = Debug|Any CPU
		{F4A03006-8AE9-4A94-8C02-9626DD3732FF}.Release|Any CPU.ActiveCfg = Release|Any CPU
		{F4A03006-8AE9-4A94-8C02-9626DD3732FF}.Release|Any CPU.Build.0 = Release|Any CPU
	EndGlobalSection
	GlobalSection(SolutionProperties) = preSolution
		HideSolutionNode = FALSE
	EndGlobalSection
	GlobalSection(ExtensibilityGlobals) = postSolution
		SolutionGuid = {0CAB00AF-6377-485E-85D6-DC01778180C6}
	EndGlobalSection
EndGlobal
