
Microsoft Visual Studio Solution File, Format Version 12.00
# Visual Studio Version 17
VisualStudioVersion = 17.7.34031.279
MinimumVisualStudioVersion = 10.0.40219.1
Project("{FAE04EC0-301F-11D3-BF4B-00C04F79EFBC}") = "GDIPelda", "GDIPelda\GDIPelda.csproj", "{F87C6EF8-A47E-42E9-8017-93B3ABE63562}"
EndProject
Global
	GlobalSection(SolutionConfigurationPlatforms) = preSolution
		Debug|Any CPU = Debug|Any CPU
		Release|Any CPU = Release|Any CPU
	EndGlobalSection
	GlobalSection(ProjectConfigurationPlatforms) = postSolution
		{F87C6EF8-A47E-42E9-8017-93B3ABE63562}.Debug|Any CPU.ActiveCfg = Debug|Any CPU
		{F87C6EF8-A47E-42E9-8017-93B3ABE63562}.Debug|Any CPU.Build.0 = Debug|Any CPU
		{F87C6EF8-A47E-42E9-8017-93B3ABE63562}.Release|Any CPU.ActiveCfg = Release|Any CPU
		{F87C6EF8-A47E-42E9-8017-93B3ABE63562}.Release|Any CPU.Build.0 = Release|Any CPU
	EndGlobalSection
	GlobalSection(SolutionProperties) = preSolution
		HideSolutionNode = FALSE
	EndGlobalSection
	GlobalSection(ExtensibilityGlobals) = postSolution
		SolutionGuid = {423C55C9-47A6-4E00-B435-C57276FBFD3F}
	EndGlobalSection
EndGlobal
