
Microsoft Visual Studio Solution File, Format Version 12.00
# Visual Studio Version 17
VisualStudioVersion = 17.7.34031.279
MinimumVisualStudioVersion = 10.0.40219.1
Project("{FAE04EC0-301F-11D3-BF4B-00C04F79EFBC}") = "ElkaposJatek", "ElkaposJatek\ElkaposJatek.csproj", "{F94004A5-933F-4EFC-8165-3693293A7826}"
EndProject
Global
	GlobalSection(SolutionConfigurationPlatforms) = preSolution
		Debug|Any CPU = Debug|Any CPU
		Release|Any CPU = Release|Any CPU
	EndGlobalSection
	GlobalSection(ProjectConfigurationPlatforms) = postSolution
		{F94004A5-933F-4EFC-8165-3693293A7826}.Debug|Any CPU.ActiveCfg = Debug|Any CPU
		{F94004A5-933F-4EFC-8165-3693293A7826}.Debug|Any CPU.Build.0 = Debug|Any CPU
		{F94004A5-933F-4EFC-8165-3693293A7826}.Release|Any CPU.ActiveCfg = Release|Any CPU
		{F94004A5-933F-4EFC-8165-3693293A7826}.Release|Any CPU.Build.0 = Release|Any CPU
	EndGlobalSection
	GlobalSection(SolutionProperties) = preSolution
		HideSolutionNode = FALSE
	EndGlobalSection
	GlobalSection(ExtensibilityGlobals) = postSolution
		SolutionGuid = {0673505A-AC8F-4FBD-B913-8BD786FD05F4}
	EndGlobalSection
EndGlobal
