
Microsoft Visual Studio Solution File, Format Version 12.00
# Visual Studio Version 17
VisualStudioVersion = 17.6.33829.357
MinimumVisualStudioVersion = 10.0.40219.1
Project("{FAE04EC0-301F-11D3-BF4B-00C04F79EFBC}") = "ViragRendelesek", "ViragRendelesek\ViragRendelesek.csproj", "{B39A496B-4159-44B5-B10F-9A67688F1FCA}"
EndProject
Global
	GlobalSection(SolutionConfigurationPlatforms) = preSolution
		Debug|Any CPU = Debug|Any CPU
		Release|Any CPU = Release|Any CPU
	EndGlobalSection
	GlobalSection(ProjectConfigurationPlatforms) = postSolution
		{B39A496B-4159-44B5-B10F-9A67688F1FCA}.Debug|Any CPU.ActiveCfg = Debug|Any CPU
		{B39A496B-4159-44B5-B10F-9A67688F1FCA}.Debug|Any CPU.Build.0 = Debug|Any CPU
		{B39A496B-4159-44B5-B10F-9A67688F1FCA}.Release|Any CPU.ActiveCfg = Release|Any CPU
		{B39A496B-4159-44B5-B10F-9A67688F1FCA}.Release|Any CPU.Build.0 = Release|Any CPU
	EndGlobalSection
	GlobalSection(SolutionProperties) = preSolution
		HideSolutionNode = FALSE
	EndGlobalSection
	GlobalSection(ExtensibilityGlobals) = postSolution
		SolutionGuid = {A07F9215-208E-47D5-B4EA-7B09F6C41E03}
	EndGlobalSection
EndGlobal
