
Microsoft Visual Studio Solution File, Format Version 12.00
# Visual Studio Version 17
VisualStudioVersion = 17.7.34302.85
MinimumVisualStudioVersion = 10.0.40219.1
Project("{FAE04EC0-301F-11D3-BF4B-00C04F79EFBC}") = "SocketDemoExample", "SocketDemoExample.csproj", "{B46944D3-789F-43C8-AEE8-279E3C693CA6}"
EndProject
Global
	GlobalSection(SolutionConfigurationPlatforms) = preSolution
		Debug|Any CPU = Debug|Any CPU
		Release|Any CPU = Release|Any CPU
	EndGlobalSection
	GlobalSection(ProjectConfigurationPlatforms) = postSolution
		{B46944D3-789F-43C8-AEE8-279E3C693CA6}.Debug|Any CPU.ActiveCfg = Debug|Any CPU
		{B46944D3-789F-43C8-AEE8-279E3C693CA6}.Debug|Any CPU.Build.0 = Debug|Any CPU
		{B46944D3-789F-43C8-AEE8-279E3C693CA6}.Release|Any CPU.ActiveCfg = Release|Any CPU
		{B46944D3-789F-43C8-AEE8-279E3C693CA6}.Release|Any CPU.Build.0 = Release|Any CPU
	EndGlobalSection
	GlobalSection(SolutionProperties) = preSolution
		HideSolutionNode = FALSE
	EndGlobalSection
	GlobalSection(ExtensibilityGlobals) = postSolution
		SolutionGuid = {BEECE3CD-3D20-4E43-A0AD-8C4282DAD450}
	EndGlobalSection
EndGlobal
