
Microsoft Visual Studio Solution File, Format Version 12.00
# Visual Studio Version 17
VisualStudioVersion = 17.7.34031.279
MinimumVisualStudioVersion = 10.0.40219.1
Project("{FAE04EC0-301F-11D3-BF4B-00C04F79EFBC}") = "MemóriaJáték", "MemóriaJáték\MemóriaJáték.csproj", "{5017B4D3-F832-4D38-BF34-915BD1954E22}"
EndProject
Global
	GlobalSection(SolutionConfigurationPlatforms) = preSolution
		Debug|Any CPU = Debug|Any CPU
		Release|Any CPU = Release|Any CPU
	EndGlobalSection
	GlobalSection(ProjectConfigurationPlatforms) = postSolution
		{5017B4D3-F832-4D38-BF34-915BD1954E22}.Debug|Any CPU.ActiveCfg = Debug|Any CPU
		{5017B4D3-F832-4D38-BF34-915BD1954E22}.Debug|Any CPU.Build.0 = Debug|Any CPU
		{5017B4D3-F832-4D38-BF34-915BD1954E22}.Release|Any CPU.ActiveCfg = Release|Any CPU
		{5017B4D3-F832-4D38-BF34-915BD1954E22}.Release|Any CPU.Build.0 = Release|Any CPU
	EndGlobalSection
	GlobalSection(SolutionProperties) = preSolution
		HideSolutionNode = FALSE
	EndGlobalSection
	GlobalSection(ExtensibilityGlobals) = postSolution
		SolutionGuid = {00FF506E-EE82-4C52-A422-7E1EFC586621}
	EndGlobalSection
EndGlobal
