
Microsoft Visual Studio Solution File, Format Version 12.00
# Visual Studio Version 17
VisualStudioVersion = 17.6.33815.320
MinimumVisualStudioVersion = 10.0.40219.1
Project("{9A19103F-16F7-4668-BE54-9A1E7A4F7556}") = "HelloWorld", "HelloWorld\HelloWorld.csproj", "{244BE172-F50D-4B56-B0F1-DAB6C8930208}"
EndProject
Project("{9A19103F-16F7-4668-BE54-9A1E7A4F7556}") = "OldStyleApp", "OldStyleApp\OldStyleApp.csproj", "{24AFC712-6C45-4E99-8E16-2FAE78233674}"
EndProject
Project("{9A19103F-16F7-4668-BE54-9A1E7A4F7556}") = "variables", "variables\variables.csproj", "{F128F7D3-4EAE-40DC-9D7B-1601F96D3E25}"
EndProject
Project("{FAE04EC0-301F-11D3-BF4B-00C04F79EFBC}") = "parse", "parse\parse.csproj", "{47974C86-18B7-43C8-98E1-8D99594F0636}"
EndProject
Project("{FAE04EC0-301F-11D3-BF4B-00C04F79EFBC}") = "stringChallenge", "stringChallenge\stringChallenge.csproj", "{96D599A5-E88D-47FD-8CEB-2207D461C95C}"
EndProject
Global
	GlobalSection(SolutionConfigurationPlatforms) = preSolution
		Debug|Any CPU = Debug|Any CPU
		Release|Any CPU = Release|Any CPU
	EndGlobalSection
	GlobalSection(ProjectConfigurationPlatforms) = postSolution
		{244BE172-F50D-4B56-B0F1-DAB6C8930208}.Debug|Any CPU.ActiveCfg = Debug|Any CPU
		{244BE172-F50D-4B56-B0F1-DAB6C8930208}.Debug|Any CPU.Build.0 = Debug|Any CPU
		{244BE172-F50D-4B56-B0F1-DAB6C8930208}.Release|Any CPU.ActiveCfg = Release|Any CPU
		{244BE172-F50D-4B56-B0F1-DAB6C8930208}.Release|Any CPU.Build.0 = Release|Any CPU
		{24AFC712-6C45-4E99-8E16-2FAE78233674}.Debug|Any CPU.ActiveCfg = Debug|Any CPU
		{24AFC712-6C45-4E99-8E16-2FAE78233674}.Debug|Any CPU.Build.0 = Debug|Any CPU
		{24AFC712-6C45-4E99-8E16-2FAE78233674}.Release|Any CPU.ActiveCfg = Release|Any CPU
		{24AFC712-6C45-4E99-8E16-2FAE78233674}.Release|Any CPU.Build.0 = Release|Any CPU
		{F128F7D3-4EAE-40DC-9D7B-1601F96D3E25}.Debug|Any CPU.ActiveCfg = Debug|Any CPU
		{F128F7D3-4EAE-40DC-9D7B-1601F96D3E25}.Debug|Any CPU.Build.0 = Debug|Any CPU
		{F128F7D3-4EAE-40DC-9D7B-1601F96D3E25}.Release|Any CPU.ActiveCfg = Release|Any CPU
		{F128F7D3-4EAE-40DC-9D7B-1601F96D3E25}.Release|Any CPU.Build.0 = Release|Any CPU
		{47974C86-18B7-43C8-98E1-8D99594F0636}.Debug|Any CPU.ActiveCfg = Debug|Any CPU
		{47974C86-18B7-43C8-98E1-8D99594F0636}.Debug|Any CPU.Build.0 = Debug|Any CPU
		{47974C86-18B7-43C8-98E1-8D99594F0636}.Release|Any CPU.ActiveCfg = Release|Any CPU
		{47974C86-18B7-43C8-98E1-8D99594F0636}.Release|Any CPU.Build.0 = Release|Any CPU
		{96D599A5-E88D-47FD-8CEB-2207D461C95C}.Debug|Any CPU.ActiveCfg = Debug|Any CPU
		{96D599A5-E88D-47FD-8CEB-2207D461C95C}.Debug|Any CPU.Build.0 = Debug|Any CPU
		{96D599A5-E88D-47FD-8CEB-2207D461C95C}.Release|Any CPU.ActiveCfg = Release|Any CPU
		{96D599A5-E88D-47FD-8CEB-2207D461C95C}.Release|Any CPU.Build.0 = Release|Any CPU
	EndGlobalSection
	GlobalSection(SolutionProperties) = preSolution
		HideSolutionNode = FALSE
	EndGlobalSection
	GlobalSection(ExtensibilityGlobals) = postSolution
		SolutionGuid = {FD7F6DFE-CEE9-46C9-B848-B7A52BF7B56F}
	EndGlobalSection
EndGlobal
