
Microsoft Visual Studio Solution File, Format Version 12.00
# Visual Studio Version 17
VisualStudioVersion = 17.9.34622.214
MinimumVisualStudioVersion = 10.0.40219.1
Project("{FAE04EC0-301F-11D3-BF4B-00C04F79EFBC}") = "WPF03", "WPF03.csproj", "{5D006BA8-7A84-462C-B498-0505C8A3DF87}"
EndProject
Global
	GlobalSection(SolutionConfigurationPlatforms) = preSolution
		Debug|Any CPU = Debug|Any CPU
		Release|Any CPU = Release|Any CPU
	EndGlobalSection
	GlobalSection(ProjectConfigurationPlatforms) = postSolution
		{5D006BA8-7A84-462C-B498-0505C8A3DF87}.Debug|Any CPU.ActiveCfg = Debug|Any CPU
		{5D006BA8-7A84-462C-B498-0505C8A3DF87}.Debug|Any CPU.Build.0 = Debug|Any CPU
		{5D006BA8-7A84-462C-B498-0505C8A3DF87}.Release|Any CPU.ActiveCfg = Release|Any CPU
		{5D006BA8-7A84-462C-B498-0505C8A3DF87}.Release|Any CPU.Build.0 = Release|Any CPU
	EndGlobalSection
	GlobalSection(SolutionProperties) = preSolution
		HideSolutionNode = FALSE
	EndGlobalSection
	GlobalSection(ExtensibilityGlobals) = postSolution
		SolutionGuid = {4689ACB2-9C7A-4F7E-ABD7-1B521C853A5D}
	EndGlobalSection
EndGlobal
