
Microsoft Visual Studio Solution File, Format Version 12.00
# Visual Studio Version 17
VisualStudioVersion = 17.7.34221.43
MinimumVisualStudioVersion = 10.0.40219.1
Project("{FAE04EC0-301F-11D3-BF4B-00C04F79EFBC}") = "ListaAtadasPelda", "ListaAtadasPelda\ListaAtadasPelda.csproj", "{526AF738-6978-40E2-8A88-0BFB413AFD36}"
EndProject
Global
	GlobalSection(SolutionConfigurationPlatforms) = preSolution
		Debug|Any CPU = Debug|Any CPU
		Release|Any CPU = Release|Any CPU
	EndGlobalSection
	GlobalSection(ProjectConfigurationPlatforms) = postSolution
		{526AF738-6978-40E2-8A88-0BFB413AFD36}.Debug|Any CPU.ActiveCfg = Debug|Any CPU
		{526AF738-6978-40E2-8A88-0BFB413AFD36}.Debug|Any CPU.Build.0 = Debug|Any CPU
		{526AF738-6978-40E2-8A88-0BFB413AFD36}.Release|Any CPU.ActiveCfg = Release|Any CPU
		{526AF738-6978-40E2-8A88-0BFB413AFD36}.Release|Any CPU.Build.0 = Release|Any CPU
	EndGlobalSection
	GlobalSection(SolutionProperties) = preSolution
		HideSolutionNode = FALSE
	EndGlobalSection
	GlobalSection(ExtensibilityGlobals) = postSolution
		SolutionGuid = {D12D539D-D02B-4E85-9828-98B021EC4D99}
	EndGlobalSection
EndGlobal
