
Microsoft Visual Studio Solution File, Format Version 12.00
# Visual Studio Version 17
VisualStudioVersion = 17.7.34003.232
MinimumVisualStudioVersion = 10.0.40219.1
Project("{FAE04EC0-301F-11D3-BF4B-00C04F79EFBC}") = "xy", "xy\xy.csproj", "{11164C70-1498-49AA-8C1C-9D0E82E57B54}"
EndProject
Global
	GlobalSection(SolutionConfigurationPlatforms) = preSolution
		Debug|Any CPU = Debug|Any CPU
		Release|Any CPU = Release|Any CPU
	EndGlobalSection
	GlobalSection(ProjectConfigurationPlatforms) = postSolution
		{11164C70-1498-49AA-8C1C-9D0E82E57B54}.Debug|Any CPU.ActiveCfg = Debug|Any CPU
		{11164C70-1498-49AA-8C1C-9D0E82E57B54}.Debug|Any CPU.Build.0 = Debug|Any CPU
		{11164C70-1498-49AA-8C1C-9D0E82E57B54}.Release|Any CPU.ActiveCfg = Release|Any CPU
		{11164C70-1498-49AA-8C1C-9D0E82E57B54}.Release|Any CPU.Build.0 = Release|Any CPU
	EndGlobalSection
	GlobalSection(SolutionProperties) = preSolution
		HideSolutionNode = FALSE
	EndGlobalSection
	GlobalSection(ExtensibilityGlobals) = postSolution
		SolutionGuid = {8A4D1F42-4AFB-4420-9FBF-5D2C13597818}
	EndGlobalSection
EndGlobal
