
Microsoft Visual Studio Solution File, Format Version 12.00
# Visual Studio Version 17
VisualStudioVersion = 17.9.34622.214
MinimumVisualStudioVersion = 10.0.40219.1
Project("{FAE04EC0-301F-11D3-BF4B-00C04F79EFBC}") = "WPF_Grid", "WPF_Grid.csproj", "{D6F178EB-9BA3-41FE-9495-24344FDFB41D}"
EndProject
Global
	GlobalSection(SolutionConfigurationPlatforms) = preSolution
		Debug|Any CPU = Debug|Any CPU
		Release|Any CPU = Release|Any CPU
	EndGlobalSection
	GlobalSection(ProjectConfigurationPlatforms) = postSolution
		{D6F178EB-9BA3-41FE-9495-24344FDFB41D}.Debug|Any CPU.ActiveCfg = Debug|Any CPU
		{D6F178EB-9BA3-41FE-9495-24344FDFB41D}.Debug|Any CPU.Build.0 = Debug|Any CPU
		{D6F178EB-9BA3-41FE-9495-24344FDFB41D}.Release|Any CPU.ActiveCfg = Release|Any CPU
		{D6F178EB-9BA3-41FE-9495-24344FDFB41D}.Release|Any CPU.Build.0 = Release|Any CPU
	EndGlobalSection
	GlobalSection(SolutionProperties) = preSolution
		HideSolutionNode = FALSE
	EndGlobalSection
	GlobalSection(ExtensibilityGlobals) = postSolution
		SolutionGuid = {B6B20D66-4209-4B33-ABF0-AD13AA06ABD1}
	EndGlobalSection
EndGlobal
