
Microsoft Visual Studio Solution File, Format Version 12.00
# Visual Studio Version 17
VisualStudioVersion = 17.7.34003.232
MinimumVisualStudioVersion = 10.0.40219.1
Project("{FAE04EC0-301F-11D3-BF4B-00C04F79EFBC}") = "statisztika", "statisztika\statisztika.csproj", "{C09B6954-DA3E-4E79-8C0A-F5B676E8A0CA}"
EndProject
Project("{FAE04EC0-301F-11D3-BF4B-00C04F79EFBC}") = "dartsEredmeny", "dartsEredmeny\dartsEredmeny.csproj", "{534470D8-F1E5-416E-8DEF-BFEE2645A3F8}"
EndProject
Project("{FAE04EC0-301F-11D3-BF4B-00C04F79EFBC}") = "dartsLogic", "dartsLogic\dartsLogic.csproj", "{90701098-BEBB-4E12-A204-D64CDCADE420}"
EndProject
Global
	GlobalSection(SolutionConfigurationPlatforms) = preSolution
		Debug|Any CPU = Debug|Any CPU
		Release|Any CPU = Release|Any CPU
	EndGlobalSection
	GlobalSection(ProjectConfigurationPlatforms) = postSolution
		{C09B6954-DA3E-4E79-8C0A-F5B676E8A0CA}.Debug|Any CPU.ActiveCfg = Debug|Any CPU
		{C09B6954-DA3E-4E79-8C0A-F5B676E8A0CA}.Debug|Any CPU.Build.0 = Debug|Any CPU
		{C09B6954-DA3E-4E79-8C0A-F5B676E8A0CA}.Release|Any CPU.ActiveCfg = Release|Any CPU
		{C09B6954-DA3E-4E79-8C0A-F5B676E8A0CA}.Release|Any CPU.Build.0 = Release|Any CPU
		{534470D8-F1E5-416E-8DEF-BFEE2645A3F8}.Debug|Any CPU.ActiveCfg = Debug|Any CPU
		{534470D8-F1E5-416E-8DEF-BFEE2645A3F8}.Debug|Any CPU.Build.0 = Debug|Any CPU
		{534470D8-F1E5-416E-8DEF-BFEE2645A3F8}.Release|Any CPU.ActiveCfg = Release|Any CPU
		{534470D8-F1E5-416E-8DEF-BFEE2645A3F8}.Release|Any CPU.Build.0 = Release|Any CPU
		{90701098-BEBB-4E12-A204-D64CDCADE420}.Debug|Any CPU.ActiveCfg = Debug|Any CPU
		{90701098-BEBB-4E12-A204-D64CDCADE420}.Debug|Any CPU.Build.0 = Debug|Any CPU
		{90701098-BEBB-4E12-A204-D64CDCADE420}.Release|Any CPU.ActiveCfg = Release|Any CPU
		{90701098-BEBB-4E12-A204-D64CDCADE420}.Release|Any CPU.Build.0 = Release|Any CPU
	EndGlobalSection
	GlobalSection(SolutionProperties) = preSolution
		HideSolutionNode = FALSE
	EndGlobalSection
	GlobalSection(ExtensibilityGlobals) = postSolution
		SolutionGuid = {DFC33509-9EC6-4650-9D41-64F856F7BFC1}
	EndGlobalSection
EndGlobal
