
Microsoft Visual Studio Solution File, Format Version 12.00
# Visual Studio Version 17
VisualStudioVersion = 17.6.33801.468
MinimumVisualStudioVersion = 10.0.40219.1
Project("{FAE04EC0-301F-11D3-BF4B-00C04F79EFBC}") = "radio", "radio\radio.csproj", "{2423B544-5130-4CAB-8324-A194833C1B6E}"
EndProject
Global
	GlobalSection(SolutionConfigurationPlatforms) = preSolution
		Debug|Any CPU = Debug|Any CPU
		Release|Any CPU = Release|Any CPU
	EndGlobalSection
	GlobalSection(ProjectConfigurationPlatforms) = postSolution
		{2423B544-5130-4CAB-8324-A194833C1B6E}.Debug|Any CPU.ActiveCfg = Debug|Any CPU
		{2423B544-5130-4CAB-8324-A194833C1B6E}.Debug|Any CPU.Build.0 = Debug|Any CPU
		{2423B544-5130-4CAB-8324-A194833C1B6E}.Release|Any CPU.ActiveCfg = Release|Any CPU
		{2423B544-5130-4CAB-8324-A194833C1B6E}.Release|Any CPU.Build.0 = Release|Any CPU
	EndGlobalSection
	GlobalSection(SolutionProperties) = preSolution
		HideSolutionNode = FALSE
	EndGlobalSection
	GlobalSection(ExtensibilityGlobals) = postSolution
		SolutionGuid = {FA60711B-3DBA-44B3-8AE5-35BFE6A9DA4D}
	EndGlobalSection
EndGlobal
