
Microsoft Visual Studio Solution File, Format Version 12.00
# Visual Studio Version 17
VisualStudioVersion = 17.7.34302.85
MinimumVisualStudioVersion = 10.0.40219.1
Project("{FAE04EC0-301F-11D3-BF4B-00C04F79EFBC}") = "Product_UnitTest", "Product_UnitTest.csproj", "{41440A45-475F-48AA-8E61-049D0D842814}"
EndProject
Project("{FAE04EC0-301F-11D3-BF4B-00C04F79EFBC}") = "Product_Test", "Product_Test\Product_Test.csproj", "{FDB7E49D-A0FE-473E-95E1-88868D9F6A64}"
EndProject
Global
	GlobalSection(SolutionConfigurationPlatforms) = preSolution
		Debug|Any CPU = Debug|Any CPU
		Release|Any CPU = Release|Any CPU
	EndGlobalSection
	GlobalSection(ProjectConfigurationPlatforms) = postSolution
		{41440A45-475F-48AA-8E61-049D0D842814}.Debug|Any CPU.ActiveCfg = Debug|Any CPU
		{41440A45-475F-48AA-8E61-049D0D842814}.Debug|Any CPU.Build.0 = Debug|Any CPU
		{41440A45-475F-48AA-8E61-049D0D842814}.Release|Any CPU.ActiveCfg = Release|Any CPU
		{41440A45-475F-48AA-8E61-049D0D842814}.Release|Any CPU.Build.0 = Release|Any CPU
		{FDB7E49D-A0FE-473E-95E1-88868D9F6A64}.Debug|Any CPU.ActiveCfg = Debug|Any CPU
		{FDB7E49D-A0FE-473E-95E1-88868D9F6A64}.Debug|Any CPU.Build.0 = Debug|Any CPU
		{FDB7E49D-A0FE-473E-95E1-88868D9F6A64}.Release|Any CPU.ActiveCfg = Release|Any CPU
		{FDB7E49D-A0FE-473E-95E1-88868D9F6A64}.Release|Any CPU.Build.0 = Release|Any CPU
	EndGlobalSection
	GlobalSection(SolutionProperties) = preSolution
		HideSolutionNode = FALSE
	EndGlobalSection
	GlobalSection(ExtensibilityGlobals) = postSolution
		SolutionGuid = {A403524B-CBF0-4BAA-9C6E-3A984133D086}
	EndGlobalSection
EndGlobal
