
Microsoft Visual Studio Solution File, Format Version 12.00
# Visual Studio Version 17
VisualStudioVersion = 17.7.34009.444
MinimumVisualStudioVersion = 10.0.40219.1
Project("{FAE04EC0-301F-11D3-BF4B-00C04F79EFBC}") = "Bombajatek", "Bombajatek\Bombajatek.csproj", "{258DBB48-3538-4FED-B99B-E6AF93AB50E4}"
EndProject
Project("{FAE04EC0-301F-11D3-BF4B-00C04F79EFBC}") = "GombElkapoJatek", "GombElkapoJatek\GombElkapoJatek.csproj", "{7950E1E5-01B4-4FB7-A182-1257B46212A6}"
EndProject
Global
	GlobalSection(SolutionConfigurationPlatforms) = preSolution
		Debug|Any CPU = Debug|Any CPU
		Release|Any CPU = Release|Any CPU
	EndGlobalSection
	GlobalSection(ProjectConfigurationPlatforms) = postSolution
		{258DBB48-3538-4FED-B99B-E6AF93AB50E4}.Debug|Any CPU.ActiveCfg = Debug|Any CPU
		{258DBB48-3538-4FED-B99B-E6AF93AB50E4}.Debug|Any CPU.Build.0 = Debug|Any CPU
		{258DBB48-3538-4FED-B99B-E6AF93AB50E4}.Release|Any CPU.ActiveCfg = Release|Any CPU
		{258DBB48-3538-4FED-B99B-E6AF93AB50E4}.Release|Any CPU.Build.0 = Release|Any CPU
		{7950E1E5-01B4-4FB7-A182-1257B46212A6}.Debug|Any CPU.ActiveCfg = Debug|Any CPU
		{7950E1E5-01B4-4FB7-A182-1257B46212A6}.Debug|Any CPU.Build.0 = Debug|Any CPU
		{7950E1E5-01B4-4FB7-A182-1257B46212A6}.Release|Any CPU.ActiveCfg = Release|Any CPU
		{7950E1E5-01B4-4FB7-A182-1257B46212A6}.Release|Any CPU.Build.0 = Release|Any CPU
	EndGlobalSection
	GlobalSection(SolutionProperties) = preSolution
		HideSolutionNode = FALSE
	EndGlobalSection
	GlobalSection(ExtensibilityGlobals) = postSolution
		SolutionGuid = {6466E4C1-285F-496D-93EE-248742B02A42}
	EndGlobalSection
EndGlobal
