
Microsoft Visual Studio Solution File, Format Version 12.00
# Visual Studio Version 17
VisualStudioVersion = 17.9.34622.214
MinimumVisualStudioVersion = 10.0.40219.1
Project("{FAE04EC0-301F-11D3-BF4B-00C04F79EFBC}") = "WPF_DataBinding", "WPF_DataBinding.csproj", "{A795CAAF-6FF9-4C4D-98B9-A3B56C06AAC0}"
EndProject
Global
	GlobalSection(SolutionConfigurationPlatforms) = preSolution
		Debug|Any CPU = Debug|Any CPU
		Release|Any CPU = Release|Any CPU
	EndGlobalSection
	GlobalSection(ProjectConfigurationPlatforms) = postSolution
		{A795CAAF-6FF9-4C4D-98B9-A3B56C06AAC0}.Debug|Any CPU.ActiveCfg = Debug|Any CPU
		{A795CAAF-6FF9-4C4D-98B9-A3B56C06AAC0}.Debug|Any CPU.Build.0 = Debug|Any CPU
		{A795CAAF-6FF9-4C4D-98B9-A3B56C06AAC0}.Release|Any CPU.ActiveCfg = Release|Any CPU
		{A795CAAF-6FF9-4C4D-98B9-A3B56C06AAC0}.Release|Any CPU.Build.0 = Release|Any CPU
	EndGlobalSection
	GlobalSection(SolutionProperties) = preSolution
		HideSolutionNode = FALSE
	EndGlobalSection
	GlobalSection(ExtensibilityGlobals) = postSolution
		SolutionGuid = {8F4C57C9-F1FA-4E51-BB0E-D9BA0E2F3398}
	EndGlobalSection
EndGlobal
