
Microsoft Visual Studio Solution File, Format Version 12.00
# Visual Studio Version 17
VisualStudioVersion = 17.9.34723.18
MinimumVisualStudioVersion = 10.0.40219.1
Project("{FAE04EC0-301F-11D3-BF4B-00C04F79EFBC}") = "nezoter", "nezoter.csproj", "{B4478D9B-5478-4D9A-A230-3E62233399AB}"
EndProject
Global
	GlobalSection(SolutionConfigurationPlatforms) = preSolution
		Debug|Any CPU = Debug|Any CPU
		Release|Any CPU = Release|Any CPU
	EndGlobalSection
	GlobalSection(ProjectConfigurationPlatforms) = postSolution
		{B4478D9B-5478-4D9A-A230-3E62233399AB}.Debug|Any CPU.ActiveCfg = Debug|Any CPU
		{B4478D9B-5478-4D9A-A230-3E62233399AB}.Debug|Any CPU.Build.0 = Debug|Any CPU
		{B4478D9B-5478-4D9A-A230-3E62233399AB}.Release|Any CPU.ActiveCfg = Release|Any CPU
		{B4478D9B-5478-4D9A-A230-3E62233399AB}.Release|Any CPU.Build.0 = Release|Any CPU
	EndGlobalSection
	GlobalSection(SolutionProperties) = preSolution
		HideSolutionNode = FALSE
	EndGlobalSection
	GlobalSection(ExtensibilityGlobals) = postSolution
		SolutionGuid = {D14D5174-5E0F-4619-96FD-3C16ED3C59F3}
	EndGlobalSection
EndGlobal
