
Microsoft Visual Studio Solution File, Format Version 12.00
# Visual Studio Version 17
VisualStudioVersion = 17.6.33829.357
MinimumVisualStudioVersion = 10.0.40219.1
Project("{FAE04EC0-301F-11D3-BF4B-00C04F79EFBC}") = "MyNotePad", "MyNotePad\MyNotePad.csproj", "{4A2117F7-11D2-4198-B955-D27937843DAD}"
EndProject
Project("{FAE04EC0-301F-11D3-BF4B-00C04F79EFBC}") = "LogokMentese", "LogokMentese\LogokMentese.csproj", "{251AB199-74CE-4C5A-B19C-2B87C13E83A9}"
EndProject
Global
	GlobalSection(SolutionConfigurationPlatforms) = preSolution
		Debug|Any CPU = Debug|Any CPU
		Release|Any CPU = Release|Any CPU
	EndGlobalSection
	GlobalSection(ProjectConfigurationPlatforms) = postSolution
		{4A2117F7-11D2-4198-B955-D27937843DAD}.Debug|Any CPU.ActiveCfg = Debug|Any CPU
		{4A2117F7-11D2-4198-B955-D27937843DAD}.Debug|Any CPU.Build.0 = Debug|Any CPU
		{4A2117F7-11D2-4198-B955-D27937843DAD}.Release|Any CPU.ActiveCfg = Release|Any CPU
		{4A2117F7-11D2-4198-B955-D27937843DAD}.Release|Any CPU.Build.0 = Release|Any CPU
		{251AB199-74CE-4C5A-B19C-2B87C13E83A9}.Debug|Any CPU.ActiveCfg = Debug|Any CPU
		{251AB199-74CE-4C5A-B19C-2B87C13E83A9}.Debug|Any CPU.Build.0 = Debug|Any CPU
		{251AB199-74CE-4C5A-B19C-2B87C13E83A9}.Release|Any CPU.ActiveCfg = Release|Any CPU
		{251AB199-74CE-4C5A-B19C-2B87C13E83A9}.Release|Any CPU.Build.0 = Release|Any CPU
	EndGlobalSection
	GlobalSection(SolutionProperties) = preSolution
		HideSolutionNode = FALSE
	EndGlobalSection
	GlobalSection(ExtensibilityGlobals) = postSolution
		SolutionGuid = {21DC6EF7-9CB3-4E95-AECA-DA84AC8BFE27}
	EndGlobalSection
EndGlobal
