
Microsoft Visual Studio Solution File, Format Version 12.00
# Visual Studio Version 17
VisualStudioVersion = 17.9.34728.123
MinimumVisualStudioVersion = 10.0.40219.1
Project("{FAE04EC0-301F-11D3-BF4B-00C04F79EFBC}") = "Auto_osztaly", "Auto_osztaly.csproj", "{94CD4DF1-86BA-4DBA-B02F-5B16F516A083}"
EndProject
Global
	GlobalSection(SolutionConfigurationPlatforms) = preSolution
		Debug|Any CPU = Debug|Any CPU
		Release|Any CPU = Release|Any CPU
	EndGlobalSection
	GlobalSection(ProjectConfigurationPlatforms) = postSolution
		{94CD4DF1-86BA-4DBA-B02F-5B16F516A083}.Debug|Any CPU.ActiveCfg = Debug|Any CPU
		{94CD4DF1-86BA-4DBA-B02F-5B16F516A083}.Debug|Any CPU.Build.0 = Debug|Any CPU
		{94CD4DF1-86BA-4DBA-B02F-5B16F516A083}.Release|Any CPU.ActiveCfg = Release|Any CPU
		{94CD4DF1-86BA-4DBA-B02F-5B16F516A083}.Release|Any CPU.Build.0 = Release|Any CPU
	EndGlobalSection
	GlobalSection(SolutionProperties) = preSolution
		HideSolutionNode = FALSE
	EndGlobalSection
	GlobalSection(ExtensibilityGlobals) = postSolution
		SolutionGuid = {0FF5E8E6-29C0-44F1-98F3-89B3B550EC8A}
	EndGlobalSection
EndGlobal
