
Microsoft Visual Studio Solution File, Format Version 12.00
# Visual Studio Version 17
VisualStudioVersion = 17.6.33815.320
MinimumVisualStudioVersion = 10.0.40219.1
Project("{FAE04EC0-301F-11D3-BF4B-00C04F79EFBC}") = "try_catch", "try_catch\try_catch.csproj", "{7E4F4304-96D4-4EBF-AF0B-855D6635F6E3}"
EndProject
Global
	GlobalSection(SolutionConfigurationPlatforms) = preSolution
		Debug|Any CPU = Debug|Any CPU
		Release|Any CPU = Release|Any CPU
	EndGlobalSection
	GlobalSection(ProjectConfigurationPlatforms) = postSolution
		{7E4F4304-96D4-4EBF-AF0B-855D6635F6E3}.Debug|Any CPU.ActiveCfg = Debug|Any CPU
		{7E4F4304-96D4-4EBF-AF0B-855D6635F6E3}.Debug|Any CPU.Build.0 = Debug|Any CPU
		{7E4F4304-96D4-4EBF-AF0B-855D6635F6E3}.Release|Any CPU.ActiveCfg = Release|Any CPU
		{7E4F4304-96D4-4EBF-AF0B-855D6635F6E3}.Release|Any CPU.Build.0 = Release|Any CPU
	EndGlobalSection
	GlobalSection(SolutionProperties) = preSolution
		HideSolutionNode = FALSE
	EndGlobalSection
	GlobalSection(ExtensibilityGlobals) = postSolution
		SolutionGuid = {CE7F2DA9-05D1-45FD-B773-633F11BA1D19}
	EndGlobalSection
EndGlobal
