
Microsoft Visual Studio Solution File, Format Version 12.00
# Visual Studio Version 17
VisualStudioVersion = 17.6.33815.320
MinimumVisualStudioVersion = 10.0.40219.1
Project("{FAE04EC0-301F-11D3-BF4B-00C04F79EFBC}") = "faktorialis", "rekurzio\faktorialis.csproj", "{4D527F47-972B-4CC4-A44E-1624DACCABDB}"
EndProject
Project("{FAE04EC0-301F-11D3-BF4B-00C04F79EFBC}") = "fibonacci", "fibonacci\fibonacci.csproj", "{FC750874-5376-454E-91CE-C6E60418F402}"
EndProject
Global
	GlobalSection(SolutionConfigurationPlatforms) = preSolution
		Debug|Any CPU = Debug|Any CPU
		Release|Any CPU = Release|Any CPU
	EndGlobalSection
	GlobalSection(ProjectConfigurationPlatforms) = postSolution
		{4D527F47-972B-4CC4-A44E-1624DACCABDB}.Debug|Any CPU.ActiveCfg = Debug|Any CPU
		{4D527F47-972B-4CC4-A44E-1624DACCABDB}.Debug|Any CPU.Build.0 = Debug|Any CPU
		{4D527F47-972B-4CC4-A44E-1624DACCABDB}.Release|Any CPU.ActiveCfg = Release|Any CPU
		{4D527F47-972B-4CC4-A44E-1624DACCABDB}.Release|Any CPU.Build.0 = Release|Any CPU
		{FC750874-5376-454E-91CE-C6E60418F402}.Debug|Any CPU.ActiveCfg = Debug|Any CPU
		{FC750874-5376-454E-91CE-C6E60418F402}.Debug|Any CPU.Build.0 = Debug|Any CPU
		{FC750874-5376-454E-91CE-C6E60418F402}.Release|Any CPU.ActiveCfg = Release|Any CPU
		{FC750874-5376-454E-91CE-C6E60418F402}.Release|Any CPU.Build.0 = Release|Any CPU
	EndGlobalSection
	GlobalSection(SolutionProperties) = preSolution
		HideSolutionNode = FALSE
	EndGlobalSection
	GlobalSection(ExtensibilityGlobals) = postSolution
		SolutionGuid = {41D324A3-BC09-4DF0-AA65-DF2704E4ECBF}
	EndGlobalSection
EndGlobal
