
Microsoft Visual Studio Solution File, Format Version 12.00
# Visual Studio Version 17
VisualStudioVersion = 17.7.34031.279
MinimumVisualStudioVersion = 10.0.40219.1
Project("{FAE04EC0-301F-11D3-BF4B-00C04F79EFBC}") = "LinearisKeresesDelegate", "LinearisKeresesDelegate\LinearisKeresesDelegate.csproj", "{7DCCE344-0A2A-45B1-9F92-67FAD07CADA7}"
EndProject
Project("{FAE04EC0-301F-11D3-BF4B-00C04F79EFBC}") = "LinearisKeresesDelegateGenerikus", "LinearisKeresesDelegateGenerikus\LinearisKeresesDelegateGenerikus.csproj", "{27122327-E023-416B-8829-9AFA1385188E}"
EndProject
Global
	GlobalSection(SolutionConfigurationPlatforms) = preSolution
		Debug|Any CPU = Debug|Any CPU
		Release|Any CPU = Release|Any CPU
	EndGlobalSection
	GlobalSection(ProjectConfigurationPlatforms) = postSolution
		{7DCCE344-0A2A-45B1-9F92-67FAD07CADA7}.Debug|Any CPU.ActiveCfg = Debug|Any CPU
		{7DCCE344-0A2A-45B1-9F92-67FAD07CADA7}.Debug|Any CPU.Build.0 = Debug|Any CPU
		{7DCCE344-0A2A-45B1-9F92-67FAD07CADA7}.Release|Any CPU.ActiveCfg = Release|Any CPU
		{7DCCE344-0A2A-45B1-9F92-67FAD07CADA7}.Release|Any CPU.Build.0 = Release|Any CPU
		{27122327-E023-416B-8829-9AFA1385188E}.Debug|Any CPU.ActiveCfg = Debug|Any CPU
		{27122327-E023-416B-8829-9AFA1385188E}.Debug|Any CPU.Build.0 = Debug|Any CPU
		{27122327-E023-416B-8829-9AFA1385188E}.Release|Any CPU.ActiveCfg = Release|Any CPU
		{27122327-E023-416B-8829-9AFA1385188E}.Release|Any CPU.Build.0 = Release|Any CPU
	EndGlobalSection
	GlobalSection(SolutionProperties) = preSolution
		HideSolutionNode = FALSE
	EndGlobalSection
	GlobalSection(ExtensibilityGlobals) = postSolution
		SolutionGuid = {BF794059-5E39-464D-B386-DFF572ED04A2}
	EndGlobalSection
EndGlobal
