
Microsoft Visual Studio Solution File, Format Version 12.00
# Visual Studio Version 17
VisualStudioVersion = 17.6.33801.468
MinimumVisualStudioVersion = 10.0.40219.1
Project("{FAE04EC0-301F-11D3-BF4B-00C04F79EFBC}") = "FeladatListaDinamikus", "FeladatListaDinamikus\FeladatListaDinamikus.csproj", "{DD80FE58-F267-46B0-9662-E452DE1E721F}"
EndProject
Global
	GlobalSection(SolutionConfigurationPlatforms) = preSolution
		Debug|Any CPU = Debug|Any CPU
		Release|Any CPU = Release|Any CPU
	EndGlobalSection
	GlobalSection(ProjectConfigurationPlatforms) = postSolution
		{DD80FE58-F267-46B0-9662-E452DE1E721F}.Debug|Any CPU.ActiveCfg = Debug|Any CPU
		{DD80FE58-F267-46B0-9662-E452DE1E721F}.Debug|Any CPU.Build.0 = Debug|Any CPU
		{DD80FE58-F267-46B0-9662-E452DE1E721F}.Release|Any CPU.ActiveCfg = Release|Any CPU
		{DD80FE58-F267-46B0-9662-E452DE1E721F}.Release|Any CPU.Build.0 = Release|Any CPU
	EndGlobalSection
	GlobalSection(SolutionProperties) = preSolution
		HideSolutionNode = FALSE
	EndGlobalSection
	GlobalSection(ExtensibilityGlobals) = postSolution
		SolutionGuid = {61C726FD-4D7D-4E5F-9550-77F1D5C14D08}
	EndGlobalSection
EndGlobal
