
Microsoft Visual Studio Solution File, Format Version 12.00
# Visual Studio Version 17
VisualStudioVersion = 17.7.34302.85
MinimumVisualStudioVersion = 10.0.40219.1
Project("{FAE04EC0-301F-11D3-BF4B-00C04F79EFBC}") = "LINQ", "LINQ.csproj", "{9D9E3C9D-CBBC-47FC-B120-F052C1EDF228}"
EndProject
Global
	GlobalSection(SolutionConfigurationPlatforms) = preSolution
		Debug|Any CPU = Debug|Any CPU
		Release|Any CPU = Release|Any CPU
	EndGlobalSection
	GlobalSection(ProjectConfigurationPlatforms) = postSolution
		{9D9E3C9D-CBBC-47FC-B120-F052C1EDF228}.Debug|Any CPU.ActiveCfg = Debug|Any CPU
		{9D9E3C9D-CBBC-47FC-B120-F052C1EDF228}.Debug|Any CPU.Build.0 = Debug|Any CPU
		{9D9E3C9D-CBBC-47FC-B120-F052C1EDF228}.Release|Any CPU.ActiveCfg = Release|Any CPU
		{9D9E3C9D-CBBC-47FC-B120-F052C1EDF228}.Release|Any CPU.Build.0 = Release|Any CPU
	EndGlobalSection
	GlobalSection(SolutionProperties) = preSolution
		HideSolutionNode = FALSE
	EndGlobalSection
	GlobalSection(ExtensibilityGlobals) = postSolution
		SolutionGuid = {AE89EB6C-BDFE-4E21-B60D-57E7BE6B1305}
	EndGlobalSection
EndGlobal
