
Microsoft Visual Studio Solution File, Format Version 12.00
# Visual Studio Version 17
VisualStudioVersion = 17.8.34601.278
MinimumVisualStudioVersion = 10.0.40219.1
Project("{FAE04EC0-301F-11D3-BF4B-00C04F79EFBC}") = "prog_tetelek", "prog_tetelek.csproj", "{717E03C9-516E-469E-A9A3-03152BB31599}"
EndProject
Global
	GlobalSection(SolutionConfigurationPlatforms) = preSolution
		Debug|Any CPU = Debug|Any CPU
		Release|Any CPU = Release|Any CPU
	EndGlobalSection
	GlobalSection(ProjectConfigurationPlatforms) = postSolution
		{717E03C9-516E-469E-A9A3-03152BB31599}.Debug|Any CPU.ActiveCfg = Debug|Any CPU
		{717E03C9-516E-469E-A9A3-03152BB31599}.Debug|Any CPU.Build.0 = Debug|Any CPU
		{717E03C9-516E-469E-A9A3-03152BB31599}.Release|Any CPU.ActiveCfg = Release|Any CPU
		{717E03C9-516E-469E-A9A3-03152BB31599}.Release|Any CPU.Build.0 = Release|Any CPU
	EndGlobalSection
	GlobalSection(SolutionProperties) = preSolution
		HideSolutionNode = FALSE
	EndGlobalSection
	GlobalSection(ExtensibilityGlobals) = postSolution
		SolutionGuid = {B9C40E62-DF05-4A7B-B661-6402158D9CCD}
	EndGlobalSection
EndGlobal
