
Microsoft Visual Studio Solution File, Format Version 12.00
# Visual Studio Version 17
VisualStudioVersion = 17.7.34031.279
MinimumVisualStudioVersion = 10.0.40219.1
Project("{FAE04EC0-301F-11D3-BF4B-00C04F79EFBC}") = "SinglecastDelegatePelda", "SinglecastDelegatePelda\SinglecastDelegatePelda.csproj", "{3A8B2596-FFED-417F-93B4-DF2AD00F35D1}"
EndProject
Global
	GlobalSection(SolutionConfigurationPlatforms) = preSolution
		Debug|Any CPU = Debug|Any CPU
		Release|Any CPU = Release|Any CPU
	EndGlobalSection
	GlobalSection(ProjectConfigurationPlatforms) = postSolution
		{3A8B2596-FFED-417F-93B4-DF2AD00F35D1}.Debug|Any CPU.ActiveCfg = Debug|Any CPU
		{3A8B2596-FFED-417F-93B4-DF2AD00F35D1}.Debug|Any CPU.Build.0 = Debug|Any CPU
		{3A8B2596-FFED-417F-93B4-DF2AD00F35D1}.Release|Any CPU.ActiveCfg = Release|Any CPU
		{3A8B2596-FFED-417F-93B4-DF2AD00F35D1}.Release|Any CPU.Build.0 = Release|Any CPU
	EndGlobalSection
	GlobalSection(SolutionProperties) = preSolution
		HideSolutionNode = FALSE
	EndGlobalSection
	GlobalSection(ExtensibilityGlobals) = postSolution
		SolutionGuid = {0F6EEC90-E8D5-41A0-BD81-123737B1C303}
	EndGlobalSection
EndGlobal
