
Microsoft Visual Studio Solution File, Format Version 12.00
# Visual Studio Version 17
VisualStudioVersion = 17.6.33829.357
MinimumVisualStudioVersion = 10.0.40219.1
Project("{FAE04EC0-301F-11D3-BF4B-00C04F79EFBC}") = "NegyGomb", "NegyGomb\NegyGomb.csproj", "{9BDAB4CC-6790-4E87-8DA0-FABDE16D8F44}"
EndProject
Project("{FAE04EC0-301F-11D3-BF4B-00C04F79EFBC}") = "LottoSorsolas", "LottoSorsolas\LottoSorsolas.csproj", "{FDB82726-686A-4BA0-A718-FAA708F05789}"
EndProject
Global
	GlobalSection(SolutionConfigurationPlatforms) = preSolution
		Debug|Any CPU = Debug|Any CPU
		Release|Any CPU = Release|Any CPU
	EndGlobalSection
	GlobalSection(ProjectConfigurationPlatforms) = postSolution
		{9BDAB4CC-6790-4E87-8DA0-FABDE16D8F44}.Debug|Any CPU.ActiveCfg = Debug|Any CPU
		{9BDAB4CC-6790-4E87-8DA0-FABDE16D8F44}.Debug|Any CPU.Build.0 = Debug|Any CPU
		{9BDAB4CC-6790-4E87-8DA0-FABDE16D8F44}.Release|Any CPU.ActiveCfg = Release|Any CPU
		{9BDAB4CC-6790-4E87-8DA0-FABDE16D8F44}.Release|Any CPU.Build.0 = Release|Any CPU
		{FDB82726-686A-4BA0-A718-FAA708F05789}.Debug|Any CPU.ActiveCfg = Debug|Any CPU
		{FDB82726-686A-4BA0-A718-FAA708F05789}.Debug|Any CPU.Build.0 = Debug|Any CPU
		{FDB82726-686A-4BA0-A718-FAA708F05789}.Release|Any CPU.ActiveCfg = Release|Any CPU
		{FDB82726-686A-4BA0-A718-FAA708F05789}.Release|Any CPU.Build.0 = Release|Any CPU
	EndGlobalSection
	GlobalSection(SolutionProperties) = preSolution
		HideSolutionNode = FALSE
	EndGlobalSection
	GlobalSection(ExtensibilityGlobals) = postSolution
		SolutionGuid = {8E7EF491-3F01-4B38-A3B9-D53F77A424BE}
	EndGlobalSection
EndGlobal
