
Microsoft Visual Studio Solution File, Format Version 12.00
# Visual Studio Version 17
VisualStudioVersion = 17.6.33815.320
MinimumVisualStudioVersion = 10.0.40219.1
Project("{FAE04EC0-301F-11D3-BF4B-00C04F79EFBC}") = "FeladatI", "FeladatI\FeladatI.csproj", "{981810C1-1DF8-4040-BDDA-76EEB13E711D}"
EndProject
Project("{FAE04EC0-301F-11D3-BF4B-00C04F79EFBC}") = "MasikProject", "MasikProject\MasikProject.csproj", "{F296FB0C-2FDE-48C7-9DA4-3033CF0E9D04}"
EndProject
Global
	GlobalSection(SolutionConfigurationPlatforms) = preSolution
		Debug|Any CPU = Debug|Any CPU
		Release|Any CPU = Release|Any CPU
	EndGlobalSection
	GlobalSection(ProjectConfigurationPlatforms) = postSolution
		{981810C1-1DF8-4040-BDDA-76EEB13E711D}.Debug|Any CPU.ActiveCfg = Debug|Any CPU
		{981810C1-1DF8-4040-BDDA-76EEB13E711D}.Debug|Any CPU.Build.0 = Debug|Any CPU
		{981810C1-1DF8-4040-BDDA-76EEB13E711D}.Release|Any CPU.ActiveCfg = Release|Any CPU
		{981810C1-1DF8-4040-BDDA-76EEB13E711D}.Release|Any CPU.Build.0 = Release|Any CPU
		{F296FB0C-2FDE-48C7-9DA4-3033CF0E9D04}.Debug|Any CPU.ActiveCfg = Debug|Any CPU
		{F296FB0C-2FDE-48C7-9DA4-3033CF0E9D04}.Debug|Any CPU.Build.0 = Debug|Any CPU
		{F296FB0C-2FDE-48C7-9DA4-3033CF0E9D04}.Release|Any CPU.ActiveCfg = Release|Any CPU
		{F296FB0C-2FDE-48C7-9DA4-3033CF0E9D04}.Release|Any CPU.Build.0 = Release|Any CPU
	EndGlobalSection
	GlobalSection(SolutionProperties) = preSolution
		HideSolutionNode = FALSE
	EndGlobalSection
	GlobalSection(ExtensibilityGlobals) = postSolution
		SolutionGuid = {4AC4CF4C-259D-4891-A71A-394312F59DD7}
	EndGlobalSection
EndGlobal
