
Microsoft Visual Studio Solution File, Format Version 12.00
# Visual Studio Version 17
VisualStudioVersion = 17.7.34221.43
MinimumVisualStudioVersion = 10.0.40219.1
Project("{FAE04EC0-301F-11D3-BF4B-00C04F79EFBC}") = "BillenoGombGDIPelda", "BillenoGombGDIPelda\BillenoGombGDIPelda.csproj", "{E9CDA486-2C0D-47DC-9FCE-120E71467771}"
EndProject
Global
	GlobalSection(SolutionConfigurationPlatforms) = preSolution
		Debug|Any CPU = Debug|Any CPU
		Release|Any CPU = Release|Any CPU
	EndGlobalSection
	GlobalSection(ProjectConfigurationPlatforms) = postSolution
		{E9CDA486-2C0D-47DC-9FCE-120E71467771}.Debug|Any CPU.ActiveCfg = Debug|Any CPU
		{E9CDA486-2C0D-47DC-9FCE-120E71467771}.Debug|Any CPU.Build.0 = Debug|Any CPU
		{E9CDA486-2C0D-47DC-9FCE-120E71467771}.Release|Any CPU.ActiveCfg = Release|Any CPU
		{E9CDA486-2C0D-47DC-9FCE-120E71467771}.Release|Any CPU.Build.0 = Release|Any CPU
	EndGlobalSection
	GlobalSection(SolutionProperties) = preSolution
		HideSolutionNode = FALSE
	EndGlobalSection
	GlobalSection(ExtensibilityGlobals) = postSolution
		SolutionGuid = {6BEB47F5-32CA-4CD9-BA88-719F76EE4A9C}
	EndGlobalSection
EndGlobal
